// !$*UTF8*$!
{
	archiveVersion = 1;
	classes = {
	};
	objectVersion = 55;
	objects = {

/* Begin PBXBuildFile section */
		AA33402A288AF2C700173BC3 /* AppDelegate.swift in Sources */ = {isa = PBXBuildFile; fileRef = AA334029288AF2C700173BC3 /* AppDelegate.swift */; };
		AA33402C288AF2C700173BC3 /* SceneDelegate.swift in Sources */ = {isa = PBXBuildFile; fileRef = AA33402B288AF2C700173BC3 /* SceneDelegate.swift */; };
		AA33402E288AF2C700173BC3 /* ViewController.swift in Sources */ = {isa = PBXBuildFile; fileRef = AA33402D288AF2C700173BC3 /* ViewController.swift */; };
		AA334031288AF2C700173BC3 /* Main.storyboard in Resources */ = {isa = PBXBuildFile; fileRef = AA33402F288AF2C700173BC3 /* Main.storyboard */; };
		AA334033288AF2CA00173BC3 /* Assets.xcassets in Resources */ = {isa = PBXBuildFile; fileRef = AA334032288AF2CA00173BC3 /* Assets.xcassets */; };
		AA334036288AF2CA00173BC3 /* LaunchScreen.storyboard in Resources */ = {isa = PBXBuildFile; fileRef = AA334034288AF2CA00173BC3 /* LaunchScreen.storyboard */; };
		AA334041288AF2CA00173BC3 /* DragonBallAppTests.swift in Sources */ = {isa = PBXBuildFile; fileRef = AA334040288AF2CA00173BC3 /* DragonBallAppTests.swift */; };
		AA33404B288AF2CA00173BC3 /* DragonBallAppUITests.swift in Sources */ = {isa = PBXBuildFile; fileRef = AA33404A288AF2CA00173BC3 /* DragonBallAppUITests.swift */; };
		AA33404D288AF2CA00173BC3 /* DragonBallAppUITestsLaunchTests.swift in Sources */ = {isa = PBXBuildFile; fileRef = AA33404C288AF2CA00173BC3 /* DragonBallAppUITestsLaunchTests.swift */; };
/* End PBXBuildFile section */

/* Begin PBXContainerItemProxy section */
		AA33403D288AF2CA00173BC3 /* PBXContainerItemProxy */ = {
			isa = PBXContainerItemProxy;
			containerPortal = AA33401E288AF2C700173BC3 /* Project object */;
			proxyType = 1;
			remoteGlobalIDString = AA334025288AF2C700173BC3;
			remoteInfo = DragonBallApp;
		};
		AA334047288AF2CA00173BC3 /* PBXContainerItemProxy */ = {
			isa = PBXContainerItemProxy;
			containerPortal = AA33401E288AF2C700173BC3 /* Project object */;
			proxyType = 1;
			remoteGlobalIDString = AA334025288AF2C700173BC3;
			remoteInfo = DragonBallApp;
		};
/* End PBXContainerItemProxy section */

/* Begin PBXFileReference section */
		AA334026288AF2C700173BC3 /* DragonBallApp.app */ = {isa = PBXFileReference; explicitFileType = wrapper.application; includeInIndex = 0; path = DragonBallApp.app; sourceTree = BUILT_PRODUCTS_DIR; };
		AA334029288AF2C700173BC3 /* AppDelegate.swift */ = {isa = PBXFileReference; lastKnownFileType = sourcecode.swift; path = AppDelegate.swift; sourceTree = "<group>"; };
		AA33402B288AF2C700173BC3 /* SceneDelegate.swift */ = {isa = PBXFileReference; lastKnownFileType = sourcecode.swift; path = SceneDelegate.swift; sourceTree = "<group>"; };
		AA33402D288AF2C700173BC3 /* ViewController.swift */ = {isa = PBXFileReference; lastKnownFileType = sourcecode.swift; path = ViewController.swift; sourceTree = "<group>"; };
		AA334030288AF2C700173BC3 /* Base */ = {isa = PBXFileReference; lastKnownFileType = file.storyboard; name = Base; path = Base.lproj/Main.storyboard; sourceTree = "<group>"; };
		AA334032288AF2CA00173BC3 /* Assets.xcassets */ = {isa = PBXFileReference; lastKnownFileType = folder.assetcatalog; path = Assets.xcassets; sourceTree = "<group>"; };
		AA334035288AF2CA00173BC3 /* Base */ = {isa = PBXFileReference; lastKnownFileType = file.storyboard; name = Base; path = Base.lproj/LaunchScreen.storyboard; sourceTree = "<group>"; };
		AA334037288AF2CA00173BC3 /* Info.plist */ = {isa = PBXFileReference; lastKnownFileType = text.plist.xml; path = Info.plist; sourceTree = "<group>"; };
		AA33403C288AF2CA00173BC3 /* DragonBallAppTests.xctest */ = {isa = PBXFileReference; explicitFileType = wrapper.cfbundle; includeInIndex = 0; path = DragonBallAppTests.xctest; sourceTree = BUILT_PRODUCTS_DIR; };
		AA334040288AF2CA00173BC3 /* DragonBallAppTests.swift */ = {isa = PBXFileReference; lastKnownFileType = sourcecode.swift; path = DragonBallAppTests.swift; sourceTree = "<group>"; };
		AA334046288AF2CA00173BC3 /* DragonBallAppUITests.xctest */ = {isa = PBXFileReference; explicitFileType = wrapper.cfbundle; includeInIndex = 0; path = DragonBallAppUITests.xctest; sourceTree = BUILT_PRODUCTS_DIR; };
		AA33404A288AF2CA00173BC3 /* DragonBallAppUITests.swift */ = {isa = PBXFileReference; lastKnownFileType = sourcecode.swift; path = DragonBallAppUITests.swift; sourceTree = "<group>"; };
		AA33404C288AF2CA00173BC3 /* DragonBallAppUITestsLaunchTests.swift */ = {isa = PBXFileReference; lastKnownFileType = sourcecode.swift; path = DragonBallAppUITestsLaunchTests.swift; sourceTree = "<group>"; };
/* End PBXFileReference section */

/* Begin PBXFrameworksBuildPhase section */
		AA334023288AF2C700173BC3 /* Frameworks */ = {
			isa = PBXFrameworksBuildPhase;
			buildActionMask = 2147483647;
			files = (
			);
			runOnlyForDeploymentPostprocessing = 0;
		};
		AA334039288AF2CA00173BC3 /* Frameworks */ = {
			isa = PBXFrameworksBuildPhase;
			buildActionMask = 2147483647;
			files = (
			);
			runOnlyForDeploymentPostprocessing = 0;
		};
		AA334043288AF2CA00173BC3 /* Frameworks */ = {
			isa = PBXFrameworksBuildPhase;
			buildActionMask = 2147483647;
			files = (
			);
			runOnlyForDeploymentPostprocessing = 0;
		};
/* End PBXFrameworksBuildPhase section */

/* Begin PBXGroup section */
		AA33401D288AF2C700173BC3 = {
			isa = PBXGroup;
			children = (
				AA334028288AF2C700173BC3 /* DragonBallApp */,
				AA33403F288AF2CA00173BC3 /* DragonBallAppTests */,
				AA334049288AF2CA00173BC3 /* DragonBallAppUITests */,
				AA334027288AF2C700173BC3 /* Products */,
			);
			sourceTree = "<group>";
		};
		AA334027288AF2C700173BC3 /* Products */ = {
			isa = PBXGroup;
			children = (
				AA334026288AF2C700173BC3 /* DragonBallApp.app */,
				AA33403C288AF2CA00173BC3 /* DragonBallAppTests.xctest */,
				AA334046288AF2CA00173BC3 /* DragonBallAppUITests.xctest */,
			);
			name = Products;
			sourceTree = "<group>";
		};
		AA334028288AF2C700173BC3 /* DragonBallApp */ = {
			isa = PBXGroup;
			children = (
				AA334029288AF2C700173BC3 /* AppDelegate.swift */,
				AA33402B288AF2C700173BC3 /* SceneDelegate.swift */,
				AA33402D288AF2C700173BC3 /* ViewController.swift */,
				AA33402F288AF2C700173BC3 /* Main.storyboard */,
				AA334032288AF2CA00173BC3 /* Assets.xcassets */,
				AA334034288AF2CA00173BC3 /* LaunchScreen.storyboard */,
				AA334037288AF2CA00173BC3 /* Info.plist */,
			);
			path = DragonBallApp;
			sourceTree = "<group>";
		};
		AA33403F288AF2CA00173BC3 /* DragonBallAppTests */ = {
			isa = PBXGroup;
			children = (
				AA334040288AF2CA00173BC3 /* DragonBallAppTests.swift */,
			);
			path = DragonBallAppTests;
			sourceTree = "<group>";
		};
		AA334049288AF2CA00173BC3 /* DragonBallAppUITests */ = {
			isa = PBXGroup;
			children = (
				AA33404A288AF2CA00173BC3 /* DragonBallAppUITests.swift */,
				AA33404C288AF2CA00173BC3 /* DragonBallAppUITestsLaunchTests.swift */,
			);
			path = DragonBallAppUITests;
			sourceTree = "<group>";
		};
/* End PBXGroup section */

/* Begin PBXNativeTarget section */
		AA334025288AF2C700173BC3 /* DragonBallApp */ = {
			isa = PBXNativeTarget;
			buildConfigurationList = AA334050288AF2CA00173BC3 /* Build configuration list for PBXNativeTarget "DragonBallApp" */;
			buildPhases = (
				AA334022288AF2C700173BC3 /* Sources */,
				AA334023288AF2C700173BC3 /* Frameworks */,
				AA334024288AF2C700173BC3 /* Resources */,
			);
			buildRules = (
			);
			dependencies = (
			);
			name = DragonBallApp;
			productName = DragonBallApp;
			productReference = AA334026288AF2C700173BC3 /* DragonBallApp.app */;
			productType = "com.apple.product-type.application";
		};
		AA33403B288AF2CA00173BC3 /* DragonBallAppTests */ = {
			isa = PBXNativeTarget;
			buildConfigurationList = AA334053288AF2CA00173BC3 /* Build configuration list for PBXNativeTarget "DragonBallAppTests" */;
			buildPhases = (
				AA334038288AF2CA00173BC3 /* Sources */,
				AA334039288AF2CA00173BC3 /* Frameworks */,
				AA33403A288AF2CA00173BC3 /* Resources */,
			);
			buildRules = (
			);
			dependencies = (
				AA33403E288AF2CA00173BC3 /* PBXTargetDependency */,
			);
			name = DragonBallAppTests;
			productName = DragonBallAppTests;
			productReference = AA33403C288AF2CA00173BC3 /* DragonBallAppTests.xctest */;
			productType = "com.apple.product-type.bundle.unit-test";
		};
		AA334045288AF2CA00173BC3 /* DragonBallAppUITests */ = {
			isa = PBXNativeTarget;
			buildConfigurationList = AA334056288AF2CA00173BC3 /* Build configuration list for PBXNativeTarget "DragonBallAppUITests" */;
			buildPhases = (
				AA334042288AF2CA00173BC3 /* Sources */,
				AA334043288AF2CA00173BC3 /* Frameworks */,
				AA334044288AF2CA00173BC3 /* Resources */,
			);
			buildRules = (
			);
			dependencies = (
				AA334048288AF2CA00173BC3 /* PBXTargetDependency */,
			);
			name = DragonBallAppUITests;
			productName = DragonBallAppUITests;
			productReference = AA334046288AF2CA00173BC3 /* DragonBallAppUITests.xctest */;
			productType = "com.apple.product-type.bundle.ui-testing";
		};
/* End PBXNativeTarget section */

/* Begin PBXProject section */
		AA33401E288AF2C700173BC3 /* Project object */ = {
			isa = PBXProject;
			attributes = {
				BuildIndependentTargetsInParallel = 1;
				LastSwiftUpdateCheck = 1330;
				LastUpgradeCheck = 1330;
				TargetAttributes = {
					AA334025288AF2C700173BC3 = {
						CreatedOnToolsVersion = 13.3.1;
					};
					AA33403B288AF2CA00173BC3 = {
						CreatedOnToolsVersion = 13.3.1;
						TestTargetID = AA334025288AF2C700173BC3;
					};
					AA334045288AF2CA00173BC3 = {
						CreatedOnToolsVersion = 13.3.1;
						TestTargetID = AA334025288AF2C700173BC3;
					};
				};
			};
			buildConfigurationList = AA334021288AF2C700173BC3 /* Build configuration list for PBXProject "DragonBallApp" */;
			compatibilityVersion = "Xcode 13.0";
			developmentRegion = en;
			hasScannedForEncodings = 0;
			knownRegions = (
				en,
				Base,
			);
			mainGroup = AA33401D288AF2C700173BC3;
			productRefGroup = AA334027288AF2C700173BC3 /* Products */;
			projectDirPath = "";
			projectRoot = "";
			targets = (
				AA334025288AF2C700173BC3 /* DragonBallApp */,
				AA33403B288AF2CA00173BC3 /* DragonBallAppTests */,
				AA334045288AF2CA00173BC3 /* DragonBallAppUITests */,
			);
		};
/* End PBXProject section */

/* Begin PBXResourcesBuildPhase section */
		AA334024288AF2C700173BC3 /* Resources */ = {
			isa = PBXResourcesBuildPhase;
			buildActionMask = 2147483647;
			files = (
				AA334036288AF2CA00173BC3 /* LaunchScreen.storyboard in Resources */,
				AA334033288AF2CA00173BC3 /* Assets.xcassets in Resources */,
				AA334031288AF2C700173BC3 /* Main.storyboard in Resources */,
			);
			runOnlyForDeploymentPostprocessing = 0;
		};
		AA33403A288AF2CA00173BC3 /* Resources */ = {
			isa = PBXResourcesBuildPhase;
			buildActionMask = 2147483647;
			files = (
			);
			runOnlyForDeploymentPostprocessing = 0;
		};
		AA334044288AF2CA00173BC3 /* Resources */ = {
			isa = PBXResourcesBuildPhase;
			buildActionMask = 2147483647;
			files = (
			);
			runOnlyForDeploymentPostprocessing = 0;
		};
/* End PBXResourcesBuildPhase section */

/* Begin PBXSourcesBuildPhase section */
		AA334022288AF2C700173BC3 /* Sources */ = {
			isa = PBXSourcesBuildPhase;
			buildActionMask = 2147483647;
			files = (
				AA33402E288AF2C700173BC3 /* ViewController.swift in Sources */,
				AA33402A288AF2C700173BC3 /* AppDelegate.swift in Sources */,
				AA33402C288AF2C700173BC3 /* SceneDelegate.swift in Sources */,
			);
			runOnlyForDeploymentPostprocessing = 0;
		};
		AA334038288AF2CA00173BC3 /* Sources */ = {
			isa = PBXSourcesBuildPhase;
			buildActionMask = 2147483647;
			files = (
				AA334041288AF2CA00173BC3 /* DragonBallAppTests.swift in Sources */,
			);
			runOnlyForDeploymentPostprocessing = 0;
		};
		AA334042288AF2CA00173BC3 /* Sources */ = {
			isa = PBXSourcesBuildPhase;
			buildActionMask = 2147483647;
			files = (
				AA33404D288AF2CA00173BC3 /* DragonBallAppUITestsLaunchTests.swift in Sources */,
				AA33404B288AF2CA00173BC3 /* DragonBallAppUITests.swift in Sources */,
			);
			runOnlyForDeploymentPostprocessing = 0;
		};
/* End PBXSourcesBuildPhase section */

/* Begin PBXTargetDependency section */
		AA33403E288AF2CA00173BC3 /* PBXTargetDependency */ = {
			isa = PBXTargetDependency;
			target = AA334025288AF2C700173BC3 /* DragonBallApp */;
			targetProxy = AA33403D288AF2CA00173BC3 /* PBXContainerItemProxy */;
		};
		AA334048288AF2CA00173BC3 /* PBXTargetDependency */ = {
			isa = PBXTargetDependency;
			target = AA334025288AF2C700173BC3 /* DragonBallApp */;
			targetProxy = AA334047288AF2CA00173BC3 /* PBXContainerItemProxy */;
		};
/* End PBXTargetDependency section */

/* Begin PBXVariantGroup section */
		AA33402F288AF2C700173BC3 /* Main.storyboard */ = {
			isa = PBXVariantGroup;
			children = (
				AA334030288AF2C700173BC3 /* Base */,
			);
			name = Main.storyboard;
			sourceTree = "<group>";
		};
		AA334034288AF2CA00173BC3 /* LaunchScreen.storyboard */ = {
			isa = PBXVariantGroup;
			children = (
				AA334035288AF2CA00173BC3 /* Base */,
			);
			name = LaunchScreen.storyboard;
			sourceTree = "<group>";
		};
/* End PBXVariantGroup section */

/* Begin XCBuildConfiguration section */
		AA33404E288AF2CA00173BC3 /* Debug */ = {
			isa = XCBuildConfiguration;
			buildSettings = {
				ALWAYS_SEARCH_USER_PATHS = NO;
				CLANG_ANALYZER_NONNULL = YES;
				CLANG_ANALYZER_NUMBER_OBJECT_CONVERSION = YES_AGGRESSIVE;
				CLANG_CXX_LANGUAGE_STANDARD = "gnu++17";
				CLANG_ENABLE_MODULES = YES;
				CLANG_ENABLE_OBJC_ARC = YES;
				CLANG_ENABLE_OBJC_WEAK = YES;
				CLANG_WARN_BLOCK_CAPTURE_AUTORELEASING = YES;
				CLANG_WARN_BOOL_CONVERSION = YES;
				CLANG_WARN_COMMA = YES;
				CLANG_WARN_CONSTANT_CONVERSION = YES;
				CLANG_WARN_DEPRECATED_OBJC_IMPLEMENTATIONS = YES;
				CLANG_WARN_DIRECT_OBJC_ISA_USAGE = YES_ERROR;
				CLANG_WARN_DOCUMENTATION_COMMENTS = YES;
				CLANG_WARN_EMPTY_BODY = YES;
				CLANG_WARN_ENUM_CONVERSION = YES;
				CLANG_WARN_INFINITE_RECURSION = YES;
				CLANG_WARN_INT_CONVERSION = YES;
				CLANG_WARN_NON_LITERAL_NULL_CONVERSION = YES;
				CLANG_WARN_OBJC_IMPLICIT_RETAIN_SELF = YES;
				CLANG_WARN_OBJC_LITERAL_CONVERSION = YES;
				CLANG_WARN_OBJC_ROOT_CLASS = YES_ERROR;
				CLANG_WARN_QUOTED_INCLUDE_IN_FRAMEWORK_HEADER = YES;
				CLANG_WARN_RANGE_LOOP_ANALYSIS = YES;
				CLANG_WARN_STRICT_PROTOTYPES = YES;
				CLANG_WARN_SUSPICIOUS_MOVE = YES;
				CLANG_WARN_UNGUARDED_AVAILABILITY = YES_AGGRESSIVE;
				CLANG_WARN_UNREACHABLE_CODE = YES;
				CLANG_WARN__DUPLICATE_METHOD_MATCH = YES;
				COPY_PHASE_STRIP = NO;
				DEBUG_INFORMATION_FORMAT = dwarf;
				ENABLE_STRICT_OBJC_MSGSEND = YES;
				ENABLE_TESTABILITY = YES;
				GCC_C_LANGUAGE_STANDARD = gnu11;
				GCC_DYNAMIC_NO_PIC = NO;
				GCC_NO_COMMON_BLOCKS = YES;
				GCC_OPTIMIZATION_LEVEL = 0;
				GCC_PREPROCESSOR_DEFINITIONS = (
					"DEBUG=1",
					"$(inherited)",
				);
				GCC_WARN_64_TO_32_BIT_CONVERSION = YES;
				GCC_WARN_ABOUT_RETURN_TYPE = YES_ERROR;
				GCC_WARN_UNDECLARED_SELECTOR = YES;
				GCC_WARN_UNINITIALIZED_AUTOS = YES_AGGRESSIVE;
				GCC_WARN_UNUSED_FUNCTION = YES;
				GCC_WARN_UNUSED_VARIABLE = YES;
				IPHONEOS_DEPLOYMENT_TARGET = 15.4;
				MTL_ENABLE_DEBUG_INFO = INCLUDE_SOURCE;
				MTL_FAST_MATH = YES;
				ONLY_ACTIVE_ARCH = YES;
				SDKROOT = iphoneos;
				SWIFT_ACTIVE_COMPILATION_CONDITIONS = DEBUG;
				SWIFT_OPTIMIZATION_LEVEL = "-Onone";
			};
			name = Debug;
		};
		AA33404F288AF2CA00173BC3 /* Release */ = {
			isa = XCBuildConfiguration;
			buildSettings = {
				ALWAYS_SEARCH_USER_PATHS = NO;
				CLANG_ANALYZER_NONNULL = YES;
				CLANG_ANALYZER_NUMBER_OBJECT_CONVERSION = YES_AGGRESSIVE;
				CLANG_CXX_LANGUAGE_STANDARD = "gnu++17";
				CLANG_ENABLE_MODULES = YES;
				CLANG_ENABLE_OBJC_ARC = YES;
				CLANG_ENABLE_OBJC_WEAK = YES;
				CLANG_WARN_BLOCK_CAPTURE_AUTORELEASING = YES;
				CLANG_WARN_BOOL_CONVERSION = YES;
				CLANG_WARN_COMMA = YES;
				CLANG_WARN_CONSTANT_CONVERSION = YES;
				CLANG_WARN_DEPRECATED_OBJC_IMPLEMENTATIONS = YES;
				CLANG_WARN_DIRECT_OBJC_ISA_USAGE = YES_ERROR;
				CLANG_WARN_DOCUMENTATION_COMMENTS = YES;
				CLANG_WARN_EMPTY_BODY = YES;
				CLANG_WARN_ENUM_CONVERSION = YES;
				CLANG_WARN_INFINITE_RECURSION = YES;
				CLANG_WARN_INT_CONVERSION = YES;
				CLANG_WARN_NON_LITERAL_NULL_CONVERSION = YES;
				CLANG_WARN_OBJC_IMPLICIT_RETAIN_SELF = YES;
				CLANG_WARN_OBJC_LITERAL_CONVERSION = YES;
				CLANG_WARN_OBJC_ROOT_CLASS = YES_ERROR;
				CLANG_WARN_QUOTED_INCLUDE_IN_FRAMEWORK_HEADER = YES;
				CLANG_WARN_RANGE_LOOP_ANALYSIS = YES;
				CLANG_WARN_STRICT_PROTOTYPES = YES;
				CLANG_WARN_SUSPICIOUS_MOVE = YES;
				CLANG_WARN_UNGUARDED_AVAILABILITY = YES_AGGRESSIVE;
				CLANG_WARN_UNREACHABLE_CODE = YES;
				CLANG_WARN__DUPLICATE_METHOD_MATCH = YES;
				COPY_PHASE_STRIP = NO;
				DEBUG_INFORMATION_FORMAT = "dwarf-with-dsym";
				ENABLE_NS_ASSERTIONS = NO;
				ENABLE_STRICT_OBJC_MSGSEND = YES;
				GCC_C_LANGUAGE_STANDARD = gnu11;
				GCC_NO_COMMON_BLOCKS = YES;
				GCC_WARN_64_TO_32_BIT_CONVERSION = YES;
				GCC_WARN_ABOUT_RETURN_TYPE = YES_ERROR;
				GCC_WARN_UNDECLARED_SELECTOR = YES;
				GCC_WARN_UNINITIALIZED_AUTOS = YES_AGGRESSIVE;
				GCC_WARN_UNUSED_FUNCTION = YES;
				GCC_WARN_UNUSED_VARIABLE = YES;
				IPHONEOS_DEPLOYMENT_TARGET = 15.4;
				MTL_ENABLE_DEBUG_INFO = NO;
				MTL_FAST_MATH = YES;
				SDKROOT = iphoneos;
				SWIFT_COMPILATION_MODE = wholemodule;
				SWIFT_OPTIMIZATION_LEVEL = "-O";
				VALIDATE_PRODUCT = YES;
			};
			name = Release;
		};
		AA334051288AF2CA00173BC3 /* Debug */ = {
			isa = XCBuildConfiguration;
			buildSettings = {
				ASSETCATALOG_COMPILER_APPICON_NAME = AppIcon;
				ASSETCATALOG_COMPILER_GLOBAL_ACCENT_COLOR_NAME = AccentColor;
				CODE_SIGN_STYLE = Automatic;
				CURRENT_PROJECT_VERSION = 1;
				GENERATE_INFOPLIST_FILE = YES;
				INFOPLIST_FILE = DragonBallApp/Info.plist;
				INFOPLIST_KEY_UIApplicationSupportsIndirectInputEvents = YES;
				INFOPLIST_KEY_UILaunchStoryboardName = LaunchScreen;
				INFOPLIST_KEY_UIMainStoryboardFile = Main;
				INFOPLIST_KEY_UISupportedInterfaceOrientations_iPad = "UIInterfaceOrientationPortrait UIInterfaceOrientationPortraitUpsideDown UIInterfaceOrientationLandscapeLeft UIInterfaceOrientationLandscapeRight";
				INFOPLIST_KEY_UISupportedInterfaceOrientations_iPhone = "UIInterfaceOrientationPortrait UIInterfaceOrientationLandscapeLeft UIInterfaceOrientationLandscapeRight";
				LD_RUNPATH_SEARCH_PATHS = (
					"$(inherited)",
					"@executable_path/Frameworks",
				);
				MARKETING_VERSION = 1.0;
				PRODUCT_BUNDLE_IDENTIFIER = com.sergioserrano.DragonBallApp;
				PRODUCT_NAME = "$(TARGET_NAME)";
				SWIFT_EMIT_LOC_STRINGS = YES;
				SWIFT_VERSION = 5.0;
				TARGETED_DEVICE_FAMILY = "1,2";
			};
			name = Debug;
		};
		AA334052288AF2CA00173BC3 /* Release */ = {
			isa = XCBuildConfiguration;
			buildSettings = {
				ASSETCATALOG_COMPILER_APPICON_NAME = AppIcon;
				ASSETCATALOG_COMPILER_GLOBAL_ACCENT_COLOR_NAME = AccentColor;
				CODE_SIGN_STYLE = Automatic;
				CURRENT_PROJECT_VERSION = 1;
				GENERATE_INFOPLIST_FILE = YES;
				INFOPLIST_FILE = DragonBallApp/Info.plist;
				INFOPLIST_KEY_UIApplicationSupportsIndirectInputEvents = YES;
				INFOPLIST_KEY_UILaunchStoryboardName = LaunchScreen;
				INFOPLIST_KEY_UIMainStoryboardFile = Main;
				INFOPLIST_KEY_UISupportedInterfaceOrientations_iPad = "UIInterfaceOrientationPortrait UIInterfaceOrientationPortraitUpsideDown UIInterfaceOrientationLandscapeLeft UIInterfaceOrientationLandscapeRight";
				INFOPLIST_KEY_UISupportedInterfaceOrientations_iPhone = "UIInterfaceOrientationPortrait UIInterfaceOrientationLandscapeLeft UIInterfaceOrientationLandscapeRight";
				LD_RUNPATH_SEARCH_PATHS = (
					"$(inherited)",
					"@executable_path/Frameworks",
				);
				MARKETING_VERSION = 1.0;
				PRODUCT_BUNDLE_IDENTIFIER = com.sergioserrano.DragonBallApp;
				PRODUCT_NAME = "$(TARGET_NAME)";
				SWIFT_EMIT_LOC_STRINGS = YES;
				SWIFT_VERSION = 5.0;
				TARGETED_DEVICE_FAMILY = "1,2";
			};
			name = Release;
		};
		AA334054288AF2CA00173BC3 /* Debug */ = {
			isa = XCBuildConfiguration;
			buildSettings = {
				ALWAYS_EMBED_SWIFT_STANDARD_LIBRARIES = YES;
				BUNDLE_LOADER = "$(TEST_HOST)";
				CODE_SIGN_STYLE = Automatic;
				CURRENT_PROJECT_VERSION = 1;
				GENERATE_INFOPLIST_FILE = YES;
				IPHONEOS_DEPLOYMENT_TARGET = 15.4;
				MARKETING_VERSION = 1.0;
				PRODUCT_BUNDLE_IDENTIFIER = com.sergioserrano.DragonBallAppTests;
				PRODUCT_NAME = "$(TARGET_NAME)";
				SWIFT_EMIT_LOC_STRINGS = NO;
				SWIFT_VERSION = 5.0;
				TARGETED_DEVICE_FAMILY = "1,2";
				TEST_HOST = "$(BUILT_PRODUCTS_DIR)/DragonBallApp.app/DragonBallApp";
			};
			name = Debug;
		};
		AA334055288AF2CA00173BC3 /* Release */ = {
			isa = XCBuildConfiguration;
			buildSettings = {
				ALWAYS_EMBED_SWIFT_STANDARD_LIBRARIES = YES;
				BUNDLE_LOADER = "$(TEST_HOST)";
				CODE_SIGN_STYLE = Automatic;
				CURRENT_PROJECT_VERSION = 1;
				GENERATE_INFOPLIST_FILE = YES;
				IPHONEOS_DEPLOYMENT_TARGET = 15.4;
				MARKETING_VERSION = 1.0;
				PRODUCT_BUNDLE_IDENTIFIER = com.sergioserrano.DragonBallAppTests;
				PRODUCT_NAME = "$(TARGET_NAME)";
				SWIFT_EMIT_LOC_STRINGS = NO;
				SWIFT_VERSION = 5.0;
				TARGETED_DEVICE_FAMILY = "1,2";
				TEST_HOST = "$(BUILT_PRODUCTS_DIR)/DragonBallApp.app/DragonBallApp";
			};
			name = Release;
		};
		AA334057288AF2CA00173BC3 /* Debug */ = {
			isa = XCBuildConfiguration;
			buildSettings = {
				ALWAYS_EMBED_SWIFT_STANDARD_LIBRARIES = YES;
				CODE_SIGN_STYLE = Automatic;
				CURRENT_PROJECT_VERSION = 1;
				GENERATE_INFOPLIST_FILE = YES;
				MARKETING_VERSION = 1.0;
				PRODUCT_BUNDLE_IDENTIFIER = com.sergioserrano.DragonBallAppUITests;
				PRODUCT_NAME = "$(TARGET_NAME)";
				SWIFT_EMIT_LOC_STRINGS = NO;
				SWIFT_VERSION = 5.0;
				TARGETED_DEVICE_FAMILY = "1,2";
				TEST_TARGET_NAME = DragonBallApp;
			};
			name = Debug;
		};
		AA334058288AF2CA00173BC3 /* Release */ = {
			isa = XCBuildConfiguration;
			buildSettings = {
				ALWAYS_EMBED_SWIFT_STANDARD_LIBRARIES = YES;
				CODE_SIGN_STYLE = Automatic;
				CURRENT_PROJECT_VERSION = 1;
				GENERATE_INFOPLIST_FILE = YES;
				MARKETING_VERSION = 1.0;
				PRODUCT_BUNDLE_IDENTIFIER = com.sergioserrano.DragonBallAppUITests;
				PRODUCT_NAME = "$(TARGET_NAME)";
				SWIFT_EMIT_LOC_STRINGS = NO;
				SWIFT_VERSION = 5.0;
				TARGETED_DEVICE_FAMILY = "1,2";
				TEST_TARGET_NAME = DragonBallApp;
			};
			name = Release;
		};
/* End XCBuildConfiguration section */

/* Begin XCConfigurationList section */
		AA334021288AF2C700173BC3 /* Build configuration list for PBXProject "DragonBallApp" */ = {
			isa = XCConfigurationList;
			buildConfigurations = (
				AA33404E288AF2CA00173BC3 /* Debug */,
				AA33404F288AF2CA00173BC3 /* Release */,
			);
			defaultConfigurationIsVisible = 0;
			defaultConfigurationName = Release;
		};
		AA334050288AF2CA00173BC3 /* Build configuration list for PBXNativeTarget "DragonBallApp" */ = {
			isa = XCConfigurationList;
			buildConfigurations = (
				AA334051288AF2CA00173BC3 /* Debug */,
				AA334052288AF2CA00173BC3 /* Release */,
			);
			defaultConfigurationIsVisible = 0;
			defaultConfigurationName = Release;
		};
		AA334053288AF2CA00173BC3 /* Build configuration list for PBXNativeTarget "DragonBallAppTests" */ = {
			isa = XCConfigurationList;
			buildConfigurations = (
				AA334054288AF2CA00173BC3 /* Debug */,
				AA334055288AF2CA00173BC3 /* Release */,
			);
			defaultConfigurationIsVisible = 0;
			defaultConfigurationName = Release;
		};
		AA334056288AF2CA00173BC3 /* Build configuration list for PBXNativeTarget "DragonBallAppUITests" */ = {
			isa = XCConfigurationList;
			buildConfigurations = (
				AA334057288AF2CA00173BC3 /* Debug */,
				AA334058288AF2CA00173BC3 /* Release */,
			);
			defaultConfigurationIsVisible = 0;
			defaultConfigurationName = Release;
		};
/* End XCConfigurationList section */
	};
	rootObject = AA33401E288AF2C700173BC3 /* Project object */;
}
